
Microsoft Visual Studio Solution File, Format Version 12.00
# Visual Studio Version 16
VisualStudioVersion = 16.0.29709.97
MinimumVisualStudioVersion = 10.0.40219.1
Project("{FAE04EC0-301F-11D3-BF4B-00C04F79EFBC}") = "EjerciciosLibro", "EjerciciosLibro\EjerciciosLibro.csproj", "{720D23D6-07EE-448C-B1C1-E8D7695C88FA}"
EndProject
Global
	GlobalSection(SolutionConfigurationPlatforms) = preSolution
		Debug|Any CPU = Debug|Any CPU
		Release|Any CPU = Release|Any CPU
	EndGlobalSection
	GlobalSection(ProjectConfigurationPlatforms) = postSolution
		{720D23D6-07EE-448C-B1C1-E8D7695C88FA}.Debug|Any CPU.ActiveCfg = Debug|Any CPU
		{720D23D6-07EE-448C-B1C1-E8D7695C88FA}.Debug|Any CPU.Build.0 = Debug|Any CPU
		{720D23D6-07EE-448C-B1C1-E8D7695C88FA}.Release|Any CPU.ActiveCfg = Release|Any CPU
		{720D23D6-07EE-448C-B1C1-E8D7695C88FA}.Release|Any CPU.Build.0 = Release|Any CPU
	EndGlobalSection
	GlobalSection(SolutionProperties) = preSolution
		HideSolutionNode = FALSE
	EndGlobalSection
	GlobalSection(ExtensibilityGlobals) = postSolution
		SolutionGuid = {9FE07119-F9DC-4024-B8DA-E17907782140}
	EndGlobalSection
EndGlobal
